
Microsoft Visual Studio Solution File, Format Version 12.00
# Visual Studio Version 16
VisualStudioVersion = 16.0.30330.147
MinimumVisualStudioVersion = 10.0.40219.1
Project("{FAE04EC0-301F-11D3-BF4B-00C04F79EFBC}") = "BookListRazor", "BookListRazor.csproj", "{ABEEB275-7D67-45B3-8372-B1E340CD76A5}"
EndProject
Global
	GlobalSection(SolutionConfigurationPlatforms) = preSolution
		Debug|Any CPU = Debug|Any CPU
		Release|Any CPU = Release|Any CPU
	EndGlobalSection
	GlobalSection(ProjectConfigurationPlatforms) = postSolution
		{ABEEB275-7D67-45B3-8372-B1E340CD76A5}.Debug|Any CPU.ActiveCfg = Debug|Any CPU
		{ABEEB275-7D67-45B3-8372-B1E340CD76A5}.Debug|Any CPU.Build.0 = Debug|Any CPU
		{ABEEB275-7D67-45B3-8372-B1E340CD76A5}.Release|Any CPU.ActiveCfg = Release|Any CPU
		{ABEEB275-7D67-45B3-8372-B1E340CD76A5}.Release|Any CPU.Build.0 = Release|Any CPU
	EndGlobalSection
	GlobalSection(SolutionProperties) = preSolution
		HideSolutionNode = FALSE
	EndGlobalSection
	GlobalSection(ExtensibilityGlobals) = postSolution
		SolutionGuid = {D9D7F0D4-3127-42C9-8345-1F289C34935E}
	EndGlobalSection
EndGlobal
